
Microsoft Visual Studio Solution File, Format Version 12.00
# Visual Studio 14
VisualStudioVersion = 14.0.25123.0
MinimumVisualStudioVersion = 10.0.40219.1
Project("{FAE04EC0-301F-11D3-BF4B-00C04F79EFBC}") = "Faithlife.Parsing", "src\Faithlife.Parsing\Faithlife.Parsing.csproj", "{D813928A-B266-4208-9755-0BD581D1499E}"
EndProject
Project("{2150E333-8FDC-42A3-9474-1A3956D46DE8}") = "root", "root", "{68EEB72A-6D49-4B06-87C1-B54D028F897F}"
	ProjectSection(SolutionItems) = preProject
		.editorconfig = .editorconfig
		.gitattributes = .gitattributes
		.gitignore = .gitignore
		build.cmd = build.cmd
		build.ps1 = build.ps1
		Faithlife.Parsing.nuspec = Faithlife.Parsing.nuspec
		README.md = README.md
	EndProjectSection
EndProject
Project("{FAE04EC0-301F-11D3-BF4B-00C04F79EFBC}") = "Faithlife.Parsing.Tests", "tests\Faithlife.Parsing.Tests\Faithlife.Parsing.Tests.csproj", "{F7583EB0-A6C4-4482-80B6-EF40E46D1A43}"
EndProject
Project("{2150E333-8FDC-42A3-9474-1A3956D46DE8}") = ".nuget", ".nuget", "{C44A8873-49CD-408F-A4B6-04723B1A6F2E}"
	ProjectSection(SolutionItems) = preProject
		.nuget\packages.config = .nuget\packages.config
	EndProjectSection
EndProject
Global
	GlobalSection(SolutionConfigurationPlatforms) = preSolution
		Debug|Any CPU = Debug|Any CPU
		Release|Any CPU = Release|Any CPU
	EndGlobalSection
	GlobalSection(ProjectConfigurationPlatforms) = postSolution
		{D813928A-B266-4208-9755-0BD581D1499E}.Debug|Any CPU.ActiveCfg = Debug|Any CPU
		{D813928A-B266-4208-9755-0BD581D1499E}.Debug|Any CPU.Build.0 = Debug|Any CPU
		{D813928A-B266-4208-9755-0BD581D1499E}.Release|Any CPU.ActiveCfg = Release|Any CPU
		{D813928A-B266-4208-9755-0BD581D1499E}.Release|Any CPU.Build.0 = Release|Any CPU
		{F7583EB0-A6C4-4482-80B6-EF40E46D1A43}.Debug|Any CPU.ActiveCfg = Debug|Any CPU
		{F7583EB0-A6C4-4482-80B6-EF40E46D1A43}.Debug|Any CPU.Build.0 = Debug|Any CPU
		{F7583EB0-A6C4-4482-80B6-EF40E46D1A43}.Release|Any CPU.ActiveCfg = Release|Any CPU
		{F7583EB0-A6C4-4482-80B6-EF40E46D1A43}.Release|Any CPU.Build.0 = Release|Any CPU
	EndGlobalSection
	GlobalSection(SolutionProperties) = preSolution
		HideSolutionNode = FALSE
	EndGlobalSection
EndGlobal
